
Microsoft Visual Studio Solution File, Format Version 12.00
# Visual Studio 15
VisualStudioVersion = 15.0.28307.1259
MinimumVisualStudioVersion = 10.0.40219.1
Project("{FAE04EC0-301F-11D3-BF4B-00C04F79EFBC}") = "Curs1", "Curs1\Curs1.csproj", "{D16509D5-B5F9-40A5-B578-98AECF06B03D}"
EndProject
Global
	GlobalSection(SolutionConfigurationPlatforms) = preSolution
		Debug|Any CPU = Debug|Any CPU
		Release|Any CPU = Release|Any CPU
	EndGlobalSection
	GlobalSection(ProjectConfigurationPlatforms) = postSolution
		{D16509D5-B5F9-40A5-B578-98AECF06B03D}.Debug|Any CPU.ActiveCfg = Debug|Any CPU
		{D16509D5-B5F9-40A5-B578-98AECF06B03D}.Debug|Any CPU.Build.0 = Debug|Any CPU
		{D16509D5-B5F9-40A5-B578-98AECF06B03D}.Release|Any CPU.ActiveCfg = Release|Any CPU
		{D16509D5-B5F9-40A5-B578-98AECF06B03D}.Release|Any CPU.Build.0 = Release|Any CPU
	EndGlobalSection
	GlobalSection(SolutionProperties) = preSolution
		HideSolutionNode = FALSE
	EndGlobalSection
	GlobalSection(ExtensibilityGlobals) = postSolution
		SolutionGuid = {7D330B34-2E2F-4927-A449-E652F4CB5989}
	EndGlobalSection
EndGlobal
